<Solution>
  <Folder Name="/Solution Items/">
    <File Path=".editorconfig" />
    <File Path=".gitignore" />
    <File Path="Directory.Build.props" />
    <File Path="icon.png" />
    <File Path="LICENSE" />
    <File Path="nuget.config" />
    <File Path="README.md" />
  </Folder>
  <Project Path="Frank.CronJobs.Cron/Frank.CronJobs.Cron.csproj" />
  <Project Path="Frank.CronJobs.Tests/Frank.CronJobs.Tests.csproj" />
  <Project Path="Frank.CronJobs/Frank.CronJobs.csproj" />
</Solution>
